
Microsoft Visual Studio Solution File, Format Version 12.00
# Visual Studio Version 17
VisualStudioVersion = 17.0.31825.309
MinimumVisualStudioVersion = 10.0.40219.1
Project("{2150E333-8FDC-42A3-9474-1A3956D46DE8}") = ".items", ".items", "{4002443F-CFB9-41B2-BFF3-A3ED2BF5B0A3}"
	ProjectSection(SolutionItems) = preProject
		..\.gitignore = ..\.gitignore
		..\LICENSE = ..\LICENSE
		..\README.md = ..\README.md
	EndProjectSection
EndProject
Project("{2150E333-8FDC-42A3-9474-1A3956D46DE8}") = "Source", "Source", "{E6E33B59-304A-4B9E-A70E-B58817606FA6}"
EndProject
Project("{2150E333-8FDC-42A3-9474-1A3956D46DE8}") = "Tests", "Tests", "{F17DC88E-DB13-47B2-ACC3-B4430B5E8B02}"
EndProject
Project("{9A19103F-16F7-4668-BE54-9A1E7A4F7556}") = "ExpressionReflect", "ExpressionReflect\ExpressionReflect.csproj", "{D4C60767-D754-40E3-99E3-DD911E34785A}"
EndProject
Project("{FAE04EC0-301F-11D3-BF4B-00C04F79EFBC}") = "ExpressionReflect.UnitTests", "ExpressionReflect.UnitTests\ExpressionReflect.UnitTests.csproj", "{CC95968A-D55A-489A-BC1F-675EF9C603BC}"
EndProject
Global
	GlobalSection(SolutionConfigurationPlatforms) = preSolution
		Debug|Any CPU = Debug|Any CPU
		Release|Any CPU = Release|Any CPU
	EndGlobalSection
	GlobalSection(ProjectConfigurationPlatforms) = postSolution
		{D4C60767-D754-40E3-99E3-DD911E34785A}.Debug|Any CPU.ActiveCfg = Debug|Any CPU
		{D4C60767-D754-40E3-99E3-DD911E34785A}.Debug|Any CPU.Build.0 = Debug|Any CPU
		{D4C60767-D754-40E3-99E3-DD911E34785A}.Release|Any CPU.ActiveCfg = Release|Any CPU
		{D4C60767-D754-40E3-99E3-DD911E34785A}.Release|Any CPU.Build.0 = Release|Any CPU
		{CC95968A-D55A-489A-BC1F-675EF9C603BC}.Debug|Any CPU.ActiveCfg = Debug|Any CPU
		{CC95968A-D55A-489A-BC1F-675EF9C603BC}.Debug|Any CPU.Build.0 = Debug|Any CPU
		{CC95968A-D55A-489A-BC1F-675EF9C603BC}.Release|Any CPU.ActiveCfg = Release|Any CPU
		{CC95968A-D55A-489A-BC1F-675EF9C603BC}.Release|Any CPU.Build.0 = Release|Any CPU
	EndGlobalSection
	GlobalSection(SolutionProperties) = preSolution
		HideSolutionNode = FALSE
	EndGlobalSection
	GlobalSection(NestedProjects) = preSolution
		{D4C60767-D754-40E3-99E3-DD911E34785A} = {E6E33B59-304A-4B9E-A70E-B58817606FA6}
		{CC95968A-D55A-489A-BC1F-675EF9C603BC} = {F17DC88E-DB13-47B2-ACC3-B4430B5E8B02}
	EndGlobalSection
	GlobalSection(ExtensibilityGlobals) = postSolution
		SolutionGuid = {0CD6C13C-8873-4642-AB82-7148904D156A}
	EndGlobalSection
EndGlobal
